// !$*UTF8*$!
{
	archiveVersion = 1;
	classes = {
	};
	objectVersion = 56;
	objects = {

/* Begin PBXBuildFile section */
		C606E8862938F26B00B7227A /* AppDelegate.swift in Sources */ = {isa = PBXBuildFile; fileRef = C606E8852938F26B00B7227A /* AppDelegate.swift */; };
		C606E8882938F26B00B7227A /* SceneDelegate.swift in Sources */ = {isa = PBXBuildFile; fileRef = C606E8872938F26B00B7227A /* SceneDelegate.swift */; };
		C606E88A2938F26B00B7227A /* HomeViewController.swift in Sources */ = {isa = PBXBuildFile; fileRef = C606E8892938F26B00B7227A /* HomeViewController.swift */; };
		C606E88D2938F26B00B7227A /* Main.storyboard in Resources */ = {isa = PBXBuildFile; fileRef = C606E88B2938F26B00B7227A /* Main.storyboard */; };
		C606E88F2938F26C00B7227A /* Assets.xcassets in Resources */ = {isa = PBXBuildFile; fileRef = C606E88E2938F26C00B7227A /* Assets.xcassets */; };
		C606E8922938F26C00B7227A /* LaunchScreen.storyboard in Resources */ = {isa = PBXBuildFile; fileRef = C606E8902938F26C00B7227A /* LaunchScreen.storyboard */; };
		C606E8A02938F4A300B7227A /* Extention+UIView.swift in Sources */ = {isa = PBXBuildFile; fileRef = C606E89F2938F4A300B7227A /* Extention+UIView.swift */; };
		C640CBBA29390D2700F3825C /* Food.swift in Sources */ = {isa = PBXBuildFile; fileRef = C640CBB929390D2700F3825C /* Food.swift */; };
		C640CBBC29390E1200F3825C /* Kind.swift in Sources */ = {isa = PBXBuildFile; fileRef = C640CBBB29390E1200F3825C /* Kind.swift */; };
		C640CBBE29390E4C00F3825C /* Section.swift in Sources */ = {isa = PBXBuildFile; fileRef = C640CBBD29390E4C00F3825C /* Section.swift */; };
		C640CBC12939112B00F3825C /* LayoutFactory.swift in Sources */ = {isa = PBXBuildFile; fileRef = C640CBC02939112A00F3825C /* LayoutFactory.swift */; };
		C640CBC52939135100F3825C /* CategoriesCell.swift in Sources */ = {isa = PBXBuildFile; fileRef = C640CBC32939135100F3825C /* CategoriesCell.swift */; };
		C640CBC62939135100F3825C /* CategoriesCell.xib in Resources */ = {isa = PBXBuildFile; fileRef = C640CBC42939135100F3825C /* CategoriesCell.xib */; };
		C640CBD0293A475A00F3825C /* PromotionCell.swift in Sources */ = {isa = PBXBuildFile; fileRef = C640CBCE293A475A00F3825C /* PromotionCell.swift */; };
		C640CBD1293A475A00F3825C /* PromotionCell.xib in Resources */ = {isa = PBXBuildFile; fileRef = C640CBCF293A475A00F3825C /* PromotionCell.xib */; };
		C640CBD5293A4D7C00F3825C /* NewestRecipeCell.swift in Sources */ = {isa = PBXBuildFile; fileRef = C640CBD3293A4D7C00F3825C /* NewestRecipeCell.swift */; };
		C640CBD6293A4D7C00F3825C /* NewestRecipeCell.xib in Resources */ = {isa = PBXBuildFile; fileRef = C640CBD4293A4D7C00F3825C /* NewestRecipeCell.xib */; };
		C66D661D2940F37F008AD1C7 /* HeaderCell.swift in Sources */ = {isa = PBXBuildFile; fileRef = C66D661B2940F37F008AD1C7 /* HeaderCell.swift */; };
		C66D661E2940F37F008AD1C7 /* HeaderCell.xib in Resources */ = {isa = PBXBuildFile; fileRef = C66D661C2940F37F008AD1C7 /* HeaderCell.xib */; };
		C66D6624294236C4008AD1C7 /* HeaderDetailCell.swift in Sources */ = {isa = PBXBuildFile; fileRef = C66D6622294236C4008AD1C7 /* HeaderDetailCell.swift */; };
		C66D6625294236C4008AD1C7 /* HeaderDetailCell.xib in Resources */ = {isa = PBXBuildFile; fileRef = C66D6623294236C4008AD1C7 /* HeaderDetailCell.xib */; };
		C66D6629294241DD008AD1C7 /* CookingTimeCell.swift in Sources */ = {isa = PBXBuildFile; fileRef = C66D6627294241DD008AD1C7 /* CookingTimeCell.swift */; };
		C66D662A294241DD008AD1C7 /* CookingTimeCell.xib in Resources */ = {isa = PBXBuildFile; fileRef = C66D6628294241DD008AD1C7 /* CookingTimeCell.xib */; };
		C66D662E294257E2008AD1C7 /* IngredientsCell.swift in Sources */ = {isa = PBXBuildFile; fileRef = C66D662C294257E2008AD1C7 /* IngredientsCell.swift */; };
		C66D662F294257E2008AD1C7 /* IngredientsCell.xib in Resources */ = {isa = PBXBuildFile; fileRef = C66D662D294257E2008AD1C7 /* IngredientsCell.xib */; };
		C672DDD3293A76CB008E16AE /* RecipeStoryboard.storyboard in Resources */ = {isa = PBXBuildFile; fileRef = C672DDD2293A76CB008E16AE /* RecipeStoryboard.storyboard */; };
		C672DDD5293A7703008E16AE /* RecipeViewController.swift in Sources */ = {isa = PBXBuildFile; fileRef = C672DDD4293A7703008E16AE /* RecipeViewController.swift */; };
		C6B4DCD029478B190046BE16 /* SearchBarCell.swift in Sources */ = {isa = PBXBuildFile; fileRef = C6B4DCCE29478B190046BE16 /* SearchBarCell.swift */; };
		C6B4DCD129478B190046BE16 /* SearchBarCell.xib in Resources */ = {isa = PBXBuildFile; fileRef = C6B4DCCF29478B190046BE16 /* SearchBarCell.xib */; };
		C6B4DCD529478DE40046BE16 /* ProfileInfoCell.swift in Sources */ = {isa = PBXBuildFile; fileRef = C6B4DCD329478DE40046BE16 /* ProfileInfoCell.swift */; };
		C6B4DCD629478DE40046BE16 /* ProfileInfoCell.xib in Resources */ = {isa = PBXBuildFile; fileRef = C6B4DCD429478DE40046BE16 /* ProfileInfoCell.xib */; };
/* End PBXBuildFile section */

/* Begin PBXFileReference section */
		C606E8822938F26B00B7227A /* WhatsTheRecipe.app */ = {isa = PBXFileReference; explicitFileType = wrapper.application; includeInIndex = 0; path = WhatsTheRecipe.app; sourceTree = BUILT_PRODUCTS_DIR; };
		C606E8852938F26B00B7227A /* AppDelegate.swift */ = {isa = PBXFileReference; lastKnownFileType = sourcecode.swift; path = AppDelegate.swift; sourceTree = "<group>"; };
		C606E8872938F26B00B7227A /* SceneDelegate.swift */ = {isa = PBXFileReference; lastKnownFileType = sourcecode.swift; path = SceneDelegate.swift; sourceTree = "<group>"; };
		C606E8892938F26B00B7227A /* HomeViewController.swift */ = {isa = PBXFileReference; lastKnownFileType = sourcecode.swift; path = HomeViewController.swift; sourceTree = "<group>"; };
		C606E88C2938F26B00B7227A /* Base */ = {isa = PBXFileReference; lastKnownFileType = file.storyboard; name = Base; path = Base.lproj/Main.storyboard; sourceTree = "<group>"; };
		C606E88E2938F26C00B7227A /* Assets.xcassets */ = {isa = PBXFileReference; lastKnownFileType = folder.assetcatalog; path = Assets.xcassets; sourceTree = "<group>"; };
		C606E8912938F26C00B7227A /* Base */ = {isa = PBXFileReference; lastKnownFileType = file.storyboard; name = Base; path = Base.lproj/LaunchScreen.storyboard; sourceTree = "<group>"; };
		C606E8932938F26C00B7227A /* Info.plist */ = {isa = PBXFileReference; lastKnownFileType = text.plist.xml; path = Info.plist; sourceTree = "<group>"; };
		C606E89F2938F4A300B7227A /* Extention+UIView.swift */ = {isa = PBXFileReference; lastKnownFileType = sourcecode.swift; path = "Extention+UIView.swift"; sourceTree = "<group>"; };
		C640CBB929390D2700F3825C /* Food.swift */ = {isa = PBXFileReference; lastKnownFileType = sourcecode.swift; path = Food.swift; sourceTree = "<group>"; };
		C640CBBB29390E1200F3825C /* Kind.swift */ = {isa = PBXFileReference; lastKnownFileType = sourcecode.swift; path = Kind.swift; sourceTree = "<group>"; };
		C640CBBD29390E4C00F3825C /* Section.swift */ = {isa = PBXFileReference; lastKnownFileType = sourcecode.swift; path = Section.swift; sourceTree = "<group>"; };
		C640CBC02939112A00F3825C /* LayoutFactory.swift */ = {isa = PBXFileReference; lastKnownFileType = sourcecode.swift; path = LayoutFactory.swift; sourceTree = "<group>"; };
		C640CBC32939135100F3825C /* CategoriesCell.swift */ = {isa = PBXFileReference; lastKnownFileType = sourcecode.swift; path = CategoriesCell.swift; sourceTree = "<group>"; };
		C640CBC42939135100F3825C /* CategoriesCell.xib */ = {isa = PBXFileReference; lastKnownFileType = file.xib; path = CategoriesCell.xib; sourceTree = "<group>"; };
		C640CBCE293A475A00F3825C /* PromotionCell.swift */ = {isa = PBXFileReference; lastKnownFileType = sourcecode.swift; path = PromotionCell.swift; sourceTree = "<group>"; };
		C640CBCF293A475A00F3825C /* PromotionCell.xib */ = {isa = PBXFileReference; lastKnownFileType = file.xib; path = PromotionCell.xib; sourceTree = "<group>"; };
		C640CBD3293A4D7C00F3825C /* NewestRecipeCell.swift */ = {isa = PBXFileReference; lastKnownFileType = sourcecode.swift; path = NewestRecipeCell.swift; sourceTree = "<group>"; };
		C640CBD4293A4D7C00F3825C /* NewestRecipeCell.xib */ = {isa = PBXFileReference; lastKnownFileType = file.xib; path = NewestRecipeCell.xib; sourceTree = "<group>"; };
		C66D661B2940F37F008AD1C7 /* HeaderCell.swift */ = {isa = PBXFileReference; lastKnownFileType = sourcecode.swift; path = HeaderCell.swift; sourceTree = "<group>"; };
		C66D661C2940F37F008AD1C7 /* HeaderCell.xib */ = {isa = PBXFileReference; lastKnownFileType = file.xib; path = HeaderCell.xib; sourceTree = "<group>"; };
		C66D6622294236C4008AD1C7 /* HeaderDetailCell.swift */ = {isa = PBXFileReference; lastKnownFileType = sourcecode.swift; path = HeaderDetailCell.swift; sourceTree = "<group>"; };
		C66D6623294236C4008AD1C7 /* HeaderDetailCell.xib */ = {isa = PBXFileReference; lastKnownFileType = file.xib; path = HeaderDetailCell.xib; sourceTree = "<group>"; };
		C66D6627294241DD008AD1C7 /* CookingTimeCell.swift */ = {isa = PBXFileReference; lastKnownFileType = sourcecode.swift; path = CookingTimeCell.swift; sourceTree = "<group>"; };
		C66D6628294241DD008AD1C7 /* CookingTimeCell.xib */ = {isa = PBXFileReference; lastKnownFileType = file.xib; path = CookingTimeCell.xib; sourceTree = "<group>"; };
		C66D662C294257E2008AD1C7 /* IngredientsCell.swift */ = {isa = PBXFileReference; lastKnownFileType = sourcecode.swift; path = IngredientsCell.swift; sourceTree = "<group>"; };
		C66D662D294257E2008AD1C7 /* IngredientsCell.xib */ = {isa = PBXFileReference; lastKnownFileType = file.xib; path = IngredientsCell.xib; sourceTree = "<group>"; };
		C672DDD2293A76CB008E16AE /* RecipeStoryboard.storyboard */ = {isa = PBXFileReference; lastKnownFileType = file.storyboard; path = RecipeStoryboard.storyboard; sourceTree = "<group>"; };
		C672DDD4293A7703008E16AE /* RecipeViewController.swift */ = {isa = PBXFileReference; lastKnownFileType = sourcecode.swift; path = RecipeViewController.swift; sourceTree = "<group>"; };
		C6B4DCCE29478B190046BE16 /* SearchBarCell.swift */ = {isa = PBXFileReference; lastKnownFileType = sourcecode.swift; path = SearchBarCell.swift; sourceTree = "<group>"; };
		C6B4DCCF29478B190046BE16 /* SearchBarCell.xib */ = {isa = PBXFileReference; lastKnownFileType = file.xib; path = SearchBarCell.xib; sourceTree = "<group>"; };
		C6B4DCD329478DE40046BE16 /* ProfileInfoCell.swift */ = {isa = PBXFileReference; lastKnownFileType = sourcecode.swift; path = ProfileInfoCell.swift; sourceTree = "<group>"; };
		C6B4DCD429478DE40046BE16 /* ProfileInfoCell.xib */ = {isa = PBXFileReference; lastKnownFileType = file.xib; path = ProfileInfoCell.xib; sourceTree = "<group>"; };
/* End PBXFileReference section */

/* Begin PBXFrameworksBuildPhase section */
		C606E87F2938F26B00B7227A /* Frameworks */ = {
			isa = PBXFrameworksBuildPhase;
			buildActionMask = 2147483647;
			files = (
			);
			runOnlyForDeploymentPostprocessing = 0;
		};
/* End PBXFrameworksBuildPhase section */

/* Begin PBXGroup section */
		C606E8792938F26B00B7227A = {
			isa = PBXGroup;
			children = (
				C606E8842938F26B00B7227A /* WhatsTheRecipe */,
				C606E8832938F26B00B7227A /* Products */,
			);
			sourceTree = "<group>";
		};
		C606E8832938F26B00B7227A /* Products */ = {
			isa = PBXGroup;
			children = (
				C606E8822938F26B00B7227A /* WhatsTheRecipe.app */,
			);
			name = Products;
			sourceTree = "<group>";
		};
		C606E8842938F26B00B7227A /* WhatsTheRecipe */ = {
			isa = PBXGroup;
			children = (
				C606E89C2938F29300B7227A /* App */,
				C606E89B2938F28900B7227A /* Utils */,
				C606E89A2938F28200B7227A /* Model */,
				C606E89D2938F2B300B7227A /* Controllers */,
				C640CBC22939133300F3825C /* Cells */,
				C606E8992938F27C00B7227A /* View */,
				C606E88E2938F26C00B7227A /* Assets.xcassets */,
				C606E8932938F26C00B7227A /* Info.plist */,
			);
			path = WhatsTheRecipe;
			sourceTree = "<group>";
		};
		C606E8992938F27C00B7227A /* View */ = {
			isa = PBXGroup;
			children = (
				C606E89E2938F2C300B7227A /* Storyboards */,
			);
			path = View;
			sourceTree = "<group>";
		};
		C606E89A2938F28200B7227A /* Model */ = {
			isa = PBXGroup;
			children = (
				C640CBB929390D2700F3825C /* Food.swift */,
				C640CBBB29390E1200F3825C /* Kind.swift */,
				C640CBBD29390E4C00F3825C /* Section.swift */,
			);
			path = Model;
			sourceTree = "<group>";
		};
		C606E89B2938F28900B7227A /* Utils */ = {
			isa = PBXGroup;
			children = (
				C640CBC02939112A00F3825C /* LayoutFactory.swift */,
				C640CBBF293910F800F3825C /* Extensions */,
			);
			path = Utils;
			sourceTree = "<group>";
		};
		C606E89C2938F29300B7227A /* App */ = {
			isa = PBXGroup;
			children = (
				C606E8872938F26B00B7227A /* SceneDelegate.swift */,
				C606E8852938F26B00B7227A /* AppDelegate.swift */,
			);
			path = App;
			sourceTree = "<group>";
		};
		C606E89D2938F2B300B7227A /* Controllers */ = {
			isa = PBXGroup;
			children = (
				C606E8892938F26B00B7227A /* HomeViewController.swift */,
				C672DDD4293A7703008E16AE /* RecipeViewController.swift */,
			);
			path = Controllers;
			sourceTree = "<group>";
		};
		C606E89E2938F2C300B7227A /* Storyboards */ = {
			isa = PBXGroup;
			children = (
				C606E8902938F26C00B7227A /* LaunchScreen.storyboard */,
				C606E88B2938F26B00B7227A /* Main.storyboard */,
				C672DDD2293A76CB008E16AE /* RecipeStoryboard.storyboard */,
			);
			path = Storyboards;
			sourceTree = "<group>";
		};
		C640CBBF293910F800F3825C /* Extensions */ = {
			isa = PBXGroup;
			children = (
				C606E89F2938F4A300B7227A /* Extention+UIView.swift */,
			);
			path = Extensions;
			sourceTree = "<group>";
		};
		C640CBC22939133300F3825C /* Cells */ = {
			isa = PBXGroup;
			children = (
				C66D662029423673008AD1C7 /* Detail */,
				C66D661F294235E8008AD1C7 /* Home */,
				C640CBCC293A46D200F3825C /* Header */,
			);
			path = Cells;
			sourceTree = "<group>";
		};
		C640CBCB293A46B600F3825C /* Categories */ = {
			isa = PBXGroup;
			children = (
				C640CBC32939135100F3825C /* CategoriesCell.swift */,
				C640CBC42939135100F3825C /* CategoriesCell.xib */,
			);
			path = Categories;
			sourceTree = "<group>";
		};
		C640CBCC293A46D200F3825C /* Header */ = {
			isa = PBXGroup;
			children = (
				C66D661B2940F37F008AD1C7 /* HeaderCell.swift */,
				C66D661C2940F37F008AD1C7 /* HeaderCell.xib */,
			);
			path = Header;
			sourceTree = "<group>";
		};
		C640CBCD293A474000F3825C /* Promotion */ = {
			isa = PBXGroup;
			children = (
				C640CBCE293A475A00F3825C /* PromotionCell.swift */,
				C640CBCF293A475A00F3825C /* PromotionCell.xib */,
			);
			path = Promotion;
			sourceTree = "<group>";
		};
		C640CBD2293A4D5500F3825C /* NewestRecipeCell */ = {
			isa = PBXGroup;
			children = (
				C640CBD3293A4D7C00F3825C /* NewestRecipeCell.swift */,
				C640CBD4293A4D7C00F3825C /* NewestRecipeCell.xib */,
			);
			path = NewestRecipeCell;
			sourceTree = "<group>";
		};
		C66D661F294235E8008AD1C7 /* Home */ = {
			isa = PBXGroup;
			children = (
				C6B4DCD229478DB80046BE16 /* ProfileInfo */,
				C6B4DCCD29478B000046BE16 /* SearchBar */,
				C640CBCB293A46B600F3825C /* Categories */,
				C640CBCD293A474000F3825C /* Promotion */,
				C640CBD2293A4D5500F3825C /* NewestRecipeCell */,
			);
			path = Home;
			sourceTree = "<group>";
		};
		C66D662029423673008AD1C7 /* Detail */ = {
			isa = PBXGroup;
			children = (
				C66D662B294257B8008AD1C7 /* Ingredients */,
				C66D6626294241A0008AD1C7 /* CookingTime */,
				C66D662129423696008AD1C7 /* Header */,
			);
			path = Detail;
			sourceTree = "<group>";
		};
		C66D662129423696008AD1C7 /* Header */ = {
			isa = PBXGroup;
			children = (
				C66D6622294236C4008AD1C7 /* HeaderDetailCell.swift */,
				C66D6623294236C4008AD1C7 /* HeaderDetailCell.xib */,
			);
			path = Header;
			sourceTree = "<group>";
		};
		C66D6626294241A0008AD1C7 /* CookingTime */ = {
			isa = PBXGroup;
			children = (
				C66D6627294241DD008AD1C7 /* CookingTimeCell.swift */,
				C66D6628294241DD008AD1C7 /* CookingTimeCell.xib */,
			);
			path = CookingTime;
			sourceTree = "<group>";
		};
		C66D662B294257B8008AD1C7 /* Ingredients */ = {
			isa = PBXGroup;
			children = (
				C66D662C294257E2008AD1C7 /* IngredientsCell.swift */,
				C66D662D294257E2008AD1C7 /* IngredientsCell.xib */,
			);
			path = Ingredients;
			sourceTree = "<group>";
		};
		C6B4DCCD29478B000046BE16 /* SearchBar */ = {
			isa = PBXGroup;
			children = (
				C6B4DCCE29478B190046BE16 /* SearchBarCell.swift */,
				C6B4DCCF29478B190046BE16 /* SearchBarCell.xib */,
			);
			path = SearchBar;
			sourceTree = "<group>";
		};
		C6B4DCD229478DB80046BE16 /* ProfileInfo */ = {
			isa = PBXGroup;
			children = (
				C6B4DCD329478DE40046BE16 /* ProfileInfoCell.swift */,
				C6B4DCD429478DE40046BE16 /* ProfileInfoCell.xib */,
			);
			path = ProfileInfo;
			sourceTree = "<group>";
		};
/* End PBXGroup section */

/* Begin PBXNativeTarget section */
		C606E8812938F26B00B7227A /* WhatsTheRecipe */ = {
			isa = PBXNativeTarget;
			buildConfigurationList = C606E8962938F26C00B7227A /* Build configuration list for PBXNativeTarget "WhatsTheRecipe" */;
			buildPhases = (
				C606E87E2938F26B00B7227A /* Sources */,
				C606E87F2938F26B00B7227A /* Frameworks */,
				C606E8802938F26B00B7227A /* Resources */,
			);
			buildRules = (
			);
			dependencies = (
			);
			name = WhatsTheRecipe;
			productName = WhatsTheRecipe;
			productReference = C606E8822938F26B00B7227A /* WhatsTheRecipe.app */;
			productType = "com.apple.product-type.application";
		};
/* End PBXNativeTarget section */

/* Begin PBXProject section */
		C606E87A2938F26B00B7227A /* Project object */ = {
			isa = PBXProject;
			attributes = {
				BuildIndependentTargetsInParallel = 1;
				LastSwiftUpdateCheck = 1410;
				LastUpgradeCheck = 1410;
				TargetAttributes = {
					C606E8812938F26B00B7227A = {
						CreatedOnToolsVersion = 14.1;
					};
				};
			};
			buildConfigurationList = C606E87D2938F26B00B7227A /* Build configuration list for PBXProject "WhatsTheRecipe" */;
			compatibilityVersion = "Xcode 14.0";
			developmentRegion = en;
			hasScannedForEncodings = 0;
			knownRegions = (
				en,
				Base,
			);
			mainGroup = C606E8792938F26B00B7227A;
			productRefGroup = C606E8832938F26B00B7227A /* Products */;
			projectDirPath = "";
			projectRoot = "";
			targets = (
				C606E8812938F26B00B7227A /* WhatsTheRecipe */,
			);
		};
/* End PBXProject section */

/* Begin PBXResourcesBuildPhase section */
		C606E8802938F26B00B7227A /* Resources */ = {
			isa = PBXResourcesBuildPhase;
			buildActionMask = 2147483647;
			files = (
				C66D661E2940F37F008AD1C7 /* HeaderCell.xib in Resources */,
				C66D6625294236C4008AD1C7 /* HeaderDetailCell.xib in Resources */,
				C606E8922938F26C00B7227A /* LaunchScreen.storyboard in Resources */,
				C66D662A294241DD008AD1C7 /* CookingTimeCell.xib in Resources */,
				C640CBD6293A4D7C00F3825C /* NewestRecipeCell.xib in Resources */,
				C6B4DCD129478B190046BE16 /* SearchBarCell.xib in Resources */,
				C640CBC62939135100F3825C /* CategoriesCell.xib in Resources */,
				C606E88F2938F26C00B7227A /* Assets.xcassets in Resources */,
				C66D662F294257E2008AD1C7 /* IngredientsCell.xib in Resources */,
				C640CBD1293A475A00F3825C /* PromotionCell.xib in Resources */,
				C606E88D2938F26B00B7227A /* Main.storyboard in Resources */,
				C6B4DCD629478DE40046BE16 /* ProfileInfoCell.xib in Resources */,
				C672DDD3293A76CB008E16AE /* RecipeStoryboard.storyboard in Resources */,
			);
			runOnlyForDeploymentPostprocessing = 0;
		};
/* End PBXResourcesBuildPhase section */

/* Begin PBXSourcesBuildPhase section */
		C606E87E2938F26B00B7227A /* Sources */ = {
			isa = PBXSourcesBuildPhase;
			buildActionMask = 2147483647;
			files = (
				C640CBC52939135100F3825C /* CategoriesCell.swift in Sources */,
				C606E88A2938F26B00B7227A /* HomeViewController.swift in Sources */,
				C640CBD5293A4D7C00F3825C /* NewestRecipeCell.swift in Sources */,
				C606E8862938F26B00B7227A /* AppDelegate.swift in Sources */,
				C640CBBA29390D2700F3825C /* Food.swift in Sources */,
				C66D6624294236C4008AD1C7 /* HeaderDetailCell.swift in Sources */,
				C6B4DCD029478B190046BE16 /* SearchBarCell.swift in Sources */,
				C640CBBE29390E4C00F3825C /* Section.swift in Sources */,
				C66D661D2940F37F008AD1C7 /* HeaderCell.swift in Sources */,
				C640CBC12939112B00F3825C /* LayoutFactory.swift in Sources */,
				C66D6629294241DD008AD1C7 /* CookingTimeCell.swift in Sources */,
				C66D662E294257E2008AD1C7 /* IngredientsCell.swift in Sources */,
				C606E8882938F26B00B7227A /* SceneDelegate.swift in Sources */,
				C672DDD5293A7703008E16AE /* RecipeViewController.swift in Sources */,
				C640CBD0293A475A00F3825C /* PromotionCell.swift in Sources */,
				C606E8A02938F4A300B7227A /* Extention+UIView.swift in Sources */,
				C640CBBC29390E1200F3825C /* Kind.swift in Sources */,
				C6B4DCD529478DE40046BE16 /* ProfileInfoCell.swift in Sources */,
			);
			runOnlyForDeploymentPostprocessing = 0;
		};
/* End PBXSourcesBuildPhase section */

/* Begin PBXVariantGroup section */
		C606E88B2938F26B00B7227A /* Main.storyboard */ = {
			isa = PBXVariantGroup;
			children = (
				C606E88C2938F26B00B7227A /* Base */,
			);
			name = Main.storyboard;
			sourceTree = "<group>";
		};
		C606E8902938F26C00B7227A /* LaunchScreen.storyboard */ = {
			isa = PBXVariantGroup;
			children = (
				C606E8912938F26C00B7227A /* Base */,
			);
			name = LaunchScreen.storyboard;
			sourceTree = "<group>";
		};
/* End PBXVariantGroup section */

/* Begin XCBuildConfiguration section */
		C606E8942938F26C00B7227A /* Debug */ = {
			isa = XCBuildConfiguration;
			buildSettings = {
				ALWAYS_SEARCH_USER_PATHS = NO;
				CLANG_ANALYZER_NONNULL = YES;
				CLANG_ANALYZER_NUMBER_OBJECT_CONVERSION = YES_AGGRESSIVE;
				CLANG_CXX_LANGUAGE_STANDARD = "gnu++20";
				CLANG_ENABLE_MODULES = YES;
				CLANG_ENABLE_OBJC_ARC = YES;
				CLANG_ENABLE_OBJC_WEAK = YES;
				CLANG_WARN_BLOCK_CAPTURE_AUTORELEASING = YES;
				CLANG_WARN_BOOL_CONVERSION = YES;
				CLANG_WARN_COMMA = YES;
				CLANG_WARN_CONSTANT_CONVERSION = YES;
				CLANG_WARN_DEPRECATED_OBJC_IMPLEMENTATIONS = YES;
				CLANG_WARN_DIRECT_OBJC_ISA_USAGE = YES_ERROR;
				CLANG_WARN_DOCUMENTATION_COMMENTS = YES;
				CLANG_WARN_EMPTY_BODY = YES;
				CLANG_WARN_ENUM_CONVERSION = YES;
				CLANG_WARN_INFINITE_RECURSION = YES;
				CLANG_WARN_INT_CONVERSION = YES;
				CLANG_WARN_NON_LITERAL_NULL_CONVERSION = YES;
				CLANG_WARN_OBJC_IMPLICIT_RETAIN_SELF = YES;
				CLANG_WARN_OBJC_LITERAL_CONVERSION = YES;
				CLANG_WARN_OBJC_ROOT_CLASS = YES_ERROR;
				CLANG_WARN_QUOTED_INCLUDE_IN_FRAMEWORK_HEADER = YES;
				CLANG_WARN_RANGE_LOOP_ANALYSIS = YES;
				CLANG_WARN_STRICT_PROTOTYPES = YES;
				CLANG_WARN_SUSPICIOUS_MOVE = YES;
				CLANG_WARN_UNGUARDED_AVAILABILITY = YES_AGGRESSIVE;
				CLANG_WARN_UNREACHABLE_CODE = YES;
				CLANG_WARN__DUPLICATE_METHOD_MATCH = YES;
				COPY_PHASE_STRIP = NO;
				DEBUG_INFORMATION_FORMAT = dwarf;
				ENABLE_STRICT_OBJC_MSGSEND = YES;
				ENABLE_TESTABILITY = YES;
				GCC_C_LANGUAGE_STANDARD = gnu11;
				GCC_DYNAMIC_NO_PIC = NO;
				GCC_NO_COMMON_BLOCKS = YES;
				GCC_OPTIMIZATION_LEVEL = 0;
				GCC_PREPROCESSOR_DEFINITIONS = (
					"DEBUG=1",
					"$(inherited)",
				);
				GCC_WARN_64_TO_32_BIT_CONVERSION = YES;
				GCC_WARN_ABOUT_RETURN_TYPE = YES_ERROR;
				GCC_WARN_UNDECLARED_SELECTOR = YES;
				GCC_WARN_UNINITIALIZED_AUTOS = YES_AGGRESSIVE;
				GCC_WARN_UNUSED_FUNCTION = YES;
				GCC_WARN_UNUSED_VARIABLE = YES;
				IPHONEOS_DEPLOYMENT_TARGET = 16.1;
				MTL_ENABLE_DEBUG_INFO = INCLUDE_SOURCE;
				MTL_FAST_MATH = YES;
				ONLY_ACTIVE_ARCH = YES;
				SDKROOT = iphoneos;
				SWIFT_ACTIVE_COMPILATION_CONDITIONS = DEBUG;
				SWIFT_OPTIMIZATION_LEVEL = "-Onone";
			};
			name = Debug;
		};
		C606E8952938F26C00B7227A /* Release */ = {
			isa = XCBuildConfiguration;
			buildSettings = {
				ALWAYS_SEARCH_USER_PATHS = NO;
				CLANG_ANALYZER_NONNULL = YES;
				CLANG_ANALYZER_NUMBER_OBJECT_CONVERSION = YES_AGGRESSIVE;
				CLANG_CXX_LANGUAGE_STANDARD = "gnu++20";
				CLANG_ENABLE_MODULES = YES;
				CLANG_ENABLE_OBJC_ARC = YES;
				CLANG_ENABLE_OBJC_WEAK = YES;
				CLANG_WARN_BLOCK_CAPTURE_AUTORELEASING = YES;
				CLANG_WARN_BOOL_CONVERSION = YES;
				CLANG_WARN_COMMA = YES;
				CLANG_WARN_CONSTANT_CONVERSION = YES;
				CLANG_WARN_DEPRECATED_OBJC_IMPLEMENTATIONS = YES;
				CLANG_WARN_DIRECT_OBJC_ISA_USAGE = YES_ERROR;
				CLANG_WARN_DOCUMENTATION_COMMENTS = YES;
				CLANG_WARN_EMPTY_BODY = YES;
				CLANG_WARN_ENUM_CONVERSION = YES;
				CLANG_WARN_INFINITE_RECURSION = YES;
				CLANG_WARN_INT_CONVERSION = YES;
				CLANG_WARN_NON_LITERAL_NULL_CONVERSION = YES;
				CLANG_WARN_OBJC_IMPLICIT_RETAIN_SELF = YES;
				CLANG_WARN_OBJC_LITERAL_CONVERSION = YES;
				CLANG_WARN_OBJC_ROOT_CLASS = YES_ERROR;
				CLANG_WARN_QUOTED_INCLUDE_IN_FRAMEWORK_HEADER = YES;
				CLANG_WARN_RANGE_LOOP_ANALYSIS = YES;
				CLANG_WARN_STRICT_PROTOTYPES = YES;
				CLANG_WARN_SUSPICIOUS_MOVE = YES;
				CLANG_WARN_UNGUARDED_AVAILABILITY = YES_AGGRESSIVE;
				CLANG_WARN_UNREACHABLE_CODE = YES;
				CLANG_WARN__DUPLICATE_METHOD_MATCH = YES;
				COPY_PHASE_STRIP = NO;
				DEBUG_INFORMATION_FORMAT = "dwarf-with-dsym";
				ENABLE_NS_ASSERTIONS = NO;
				ENABLE_STRICT_OBJC_MSGSEND = YES;
				GCC_C_LANGUAGE_STANDARD = gnu11;
				GCC_NO_COMMON_BLOCKS = YES;
				GCC_WARN_64_TO_32_BIT_CONVERSION = YES;
				GCC_WARN_ABOUT_RETURN_TYPE = YES_ERROR;
				GCC_WARN_UNDECLARED_SELECTOR = YES;
				GCC_WARN_UNINITIALIZED_AUTOS = YES_AGGRESSIVE;
				GCC_WARN_UNUSED_FUNCTION = YES;
				GCC_WARN_UNUSED_VARIABLE = YES;
				IPHONEOS_DEPLOYMENT_TARGET = 16.1;
				MTL_ENABLE_DEBUG_INFO = NO;
				MTL_FAST_MATH = YES;
				SDKROOT = iphoneos;
				SWIFT_COMPILATION_MODE = wholemodule;
				SWIFT_OPTIMIZATION_LEVEL = "-O";
				VALIDATE_PRODUCT = YES;
			};
			name = Release;
		};
		C606E8972938F26C00B7227A /* Debug */ = {
			isa = XCBuildConfiguration;
			buildSettings = {
				ASSETCATALOG_COMPILER_APPICON_NAME = AppIcon;
				ASSETCATALOG_COMPILER_GLOBAL_ACCENT_COLOR_NAME = AccentColor;
				CODE_SIGN_STYLE = Automatic;
				CURRENT_PROJECT_VERSION = 1;
				GENERATE_INFOPLIST_FILE = YES;
				INFOPLIST_FILE = WhatsTheRecipe/Info.plist;
				INFOPLIST_KEY_UIApplicationSupportsIndirectInputEvents = YES;
				INFOPLIST_KEY_UILaunchStoryboardName = LaunchScreen;
				INFOPLIST_KEY_UIMainStoryboardFile = Main;
				INFOPLIST_KEY_UISupportedInterfaceOrientations_iPad = "UIInterfaceOrientationPortrait UIInterfaceOrientationPortraitUpsideDown UIInterfaceOrientationLandscapeLeft UIInterfaceOrientationLandscapeRight";
				INFOPLIST_KEY_UISupportedInterfaceOrientations_iPhone = "UIInterfaceOrientationPortrait UIInterfaceOrientationLandscapeLeft UIInterfaceOrientationLandscapeRight";
				IPHONEOS_DEPLOYMENT_TARGET = 16.1;
				LD_RUNPATH_SEARCH_PATHS = (
					"$(inherited)",
					"@executable_path/Frameworks",
				);
				MARKETING_VERSION = 1.0;
				PRODUCT_BUNDLE_IDENTIFIER = com.alandisseals.WhatsTheRecipe;
				PRODUCT_NAME = "$(TARGET_NAME)";
				SWIFT_EMIT_LOC_STRINGS = YES;
				SWIFT_VERSION = 5.0;
				TARGETED_DEVICE_FAMILY = "1,2";
			};
			name = Debug;
		};
		C606E8982938F26C00B7227A /* Release */ = {
			isa = XCBuildConfiguration;
			buildSettings = {
				ASSETCATALOG_COMPILER_APPICON_NAME = AppIcon;
				ASSETCATALOG_COMPILER_GLOBAL_ACCENT_COLOR_NAME = AccentColor;
				CODE_SIGN_STYLE = Automatic;
				CURRENT_PROJECT_VERSION = 1;
				GENERATE_INFOPLIST_FILE = YES;
				INFOPLIST_FILE = WhatsTheRecipe/Info.plist;
				INFOPLIST_KEY_UIApplicationSupportsIndirectInputEvents = YES;
				INFOPLIST_KEY_UILaunchStoryboardName = LaunchScreen;
				INFOPLIST_KEY_UIMainStoryboardFile = Main;
				INFOPLIST_KEY_UISupportedInterfaceOrientations_iPad = "UIInterfaceOrientationPortrait UIInterfaceOrientationPortraitUpsideDown UIInterfaceOrientationLandscapeLeft UIInterfaceOrientationLandscapeRight";
				INFOPLIST_KEY_UISupportedInterfaceOrientations_iPhone = "UIInterfaceOrientationPortrait UIInterfaceOrientationLandscapeLeft UIInterfaceOrientationLandscapeRight";
				IPHONEOS_DEPLOYMENT_TARGET = 16.1;
				LD_RUNPATH_SEARCH_PATHS = (
					"$(inherited)",
					"@executable_path/Frameworks",
				);
				MARKETING_VERSION = 1.0;
				PRODUCT_BUNDLE_IDENTIFIER = com.alandisseals.WhatsTheRecipe;
				PRODUCT_NAME = "$(TARGET_NAME)";
				SWIFT_EMIT_LOC_STRINGS = YES;
				SWIFT_VERSION = 5.0;
				TARGETED_DEVICE_FAMILY = "1,2";
			};
			name = Release;
		};
/* End XCBuildConfiguration section */

/* Begin XCConfigurationList section */
		C606E87D2938F26B00B7227A /* Build configuration list for PBXProject "WhatsTheRecipe" */ = {
			isa = XCConfigurationList;
			buildConfigurations = (
				C606E8942938F26C00B7227A /* Debug */,
				C606E8952938F26C00B7227A /* Release */,
			);
			defaultConfigurationIsVisible = 0;
			defaultConfigurationName = Release;
		};
		C606E8962938F26C00B7227A /* Build configuration list for PBXNativeTarget "WhatsTheRecipe" */ = {
			isa = XCConfigurationList;
			buildConfigurations = (
				C606E8972938F26C00B7227A /* Debug */,
				C606E8982938F26C00B7227A /* Release */,
			);
			defaultConfigurationIsVisible = 0;
			defaultConfigurationName = Release;
		};
/* End XCConfigurationList section */
	};
	rootObject = C606E87A2938F26B00B7227A /* Project object */;
}
